// !$*UTF8*$!
{
	archiveVersion = 1;
	classes = {
	};
	objectVersion = 46;
	objects = {

/* Begin PBXBuildFile section */
		09744E521C75DCDB00AE605D /* AppDelegate.swift in Sources */ = {isa = PBXBuildFile; fileRef = 09744E511C75DCDB00AE605D /* AppDelegate.swift */; };
		09744E541C75DCDB00AE605D /* MasterViewController.swift in Sources */ = {isa = PBXBuildFile; fileRef = 09744E531C75DCDB00AE605D /* MasterViewController.swift */; };
		09744E561C75DCDB00AE605D /* DetailViewController.swift in Sources */ = {isa = PBXBuildFile; fileRef = 09744E551C75DCDB00AE605D /* DetailViewController.swift */; };
		09744E591C75DCDB00AE605D /* Main.storyboard in Resources */ = {isa = PBXBuildFile; fileRef = 09744E571C75DCDB00AE605D /* Main.storyboard */; };
		09744E5B1C75DCDB00AE605D /* Assets.xcassets in Resources */ = {isa = PBXBuildFile; fileRef = 09744E5A1C75DCDB00AE605D /* Assets.xcassets */; };
		09744E5E1C75DCDB00AE605D /* LaunchScreen.storyboard in Resources */ = {isa = PBXBuildFile; fileRef = 09744E5C1C75DCDB00AE605D /* LaunchScreen.storyboard */; };
		09744E691C75DCDB00AE605D /* Example3DTouchTests.swift in Sources */ = {isa = PBXBuildFile; fileRef = 09744E681C75DCDB00AE605D /* Example3DTouchTests.swift */; };
		09744E741C75DCDB00AE605D /* Example3DTouchUITests.swift in Sources */ = {isa = PBXBuildFile; fileRef = 09744E731C75DCDB00AE605D /* Example3DTouchUITests.swift */; };
/* End PBXBuildFile section */

/* Begin PBXContainerItemProxy section */
		09744E651C75DCDB00AE605D /* PBXContainerItemProxy */ = {
			isa = PBXContainerItemProxy;
			containerPortal = 09744E461C75DCDB00AE605D /* Project object */;
			proxyType = 1;
			remoteGlobalIDString = 09744E4D1C75DCDB00AE605D;
			remoteInfo = Example3DTouch;
		};
		09744E701C75DCDB00AE605D /* PBXContainerItemProxy */ = {
			isa = PBXContainerItemProxy;
			containerPortal = 09744E461C75DCDB00AE605D /* Project object */;
			proxyType = 1;
			remoteGlobalIDString = 09744E4D1C75DCDB00AE605D;
			remoteInfo = Example3DTouch;
		};
/* End PBXContainerItemProxy section */

/* Begin PBXFileReference section */
		09744E4E1C75DCDB00AE605D /* Example3DTouch.app */ = {isa = PBXFileReference; explicitFileType = wrapper.application; includeInIndex = 0; path = Example3DTouch.app; sourceTree = BUILT_PRODUCTS_DIR; };
		09744E511C75DCDB00AE605D /* AppDelegate.swift */ = {isa = PBXFileReference; lastKnownFileType = sourcecode.swift; path = AppDelegate.swift; sourceTree = "<group>"; };
		09744E531C75DCDB00AE605D /* MasterViewController.swift */ = {isa = PBXFileReference; lastKnownFileType = sourcecode.swift; path = MasterViewController.swift; sourceTree = "<group>"; };
		09744E551C75DCDB00AE605D /* DetailViewController.swift */ = {isa = PBXFileReference; lastKnownFileType = sourcecode.swift; path = DetailViewController.swift; sourceTree = "<group>"; };
		09744E581C75DCDB00AE605D /* Base */ = {isa = PBXFileReference; lastKnownFileType = file.storyboard; name = Base; path = Base.lproj/Main.storyboard; sourceTree = "<group>"; };
		09744E5A1C75DCDB00AE605D /* Assets.xcassets */ = {isa = PBXFileReference; lastKnownFileType = folder.assetcatalog; path = Assets.xcassets; sourceTree = "<group>"; };
		09744E5D1C75DCDB00AE605D /* Base */ = {isa = PBXFileReference; lastKnownFileType = file.storyboard; name = Base; path = Base.lproj/LaunchScreen.storyboard; sourceTree = "<group>"; };
		09744E5F1C75DCDB00AE605D /* Info.plist */ = {isa = PBXFileReference; lastKnownFileType = text.plist.xml; path = Info.plist; sourceTree = "<group>"; };
		09744E641C75DCDB00AE605D /* Example3DTouchTests.xctest */ = {isa = PBXFileReference; explicitFileType = wrapper.cfbundle; includeInIndex = 0; path = Example3DTouchTests.xctest; sourceTree = BUILT_PRODUCTS_DIR; };
		09744E681C75DCDB00AE605D /* Example3DTouchTests.swift */ = {isa = PBXFileReference; lastKnownFileType = sourcecode.swift; path = Example3DTouchTests.swift; sourceTree = "<group>"; };
		09744E6A1C75DCDB00AE605D /* Info.plist */ = {isa = PBXFileReference; lastKnownFileType = text.plist.xml; path = Info.plist; sourceTree = "<group>"; };
		09744E6F1C75DCDB00AE605D /* Example3DTouchUITests.xctest */ = {isa = PBXFileReference; explicitFileType = wrapper.cfbundle; includeInIndex = 0; path = Example3DTouchUITests.xctest; sourceTree = BUILT_PRODUCTS_DIR; };
		09744E731C75DCDB00AE605D /* Example3DTouchUITests.swift */ = {isa = PBXFileReference; lastKnownFileType = sourcecode.swift; path = Example3DTouchUITests.swift; sourceTree = "<group>"; };
		09744E751C75DCDB00AE605D /* Info.plist */ = {isa = PBXFileReference; lastKnownFileType = text.plist.xml; path = Info.plist; sourceTree = "<group>"; };
/* End PBXFileReference section */

/* Begin PBXFrameworksBuildPhase section */
		09744E4B1C75DCDB00AE605D /* Frameworks */ = {
			isa = PBXFrameworksBuildPhase;
			buildActionMask = 2147483647;
			files = (
			);
			runOnlyForDeploymentPostprocessing = 0;
		};
		09744E611C75DCDB00AE605D /* Frameworks */ = {
			isa = PBXFrameworksBuildPhase;
			buildActionMask = 2147483647;
			files = (
			);
			runOnlyForDeploymentPostprocessing = 0;
		};
		09744E6C1C75DCDB00AE605D /* Frameworks */ = {
			isa = PBXFrameworksBuildPhase;
			buildActionMask = 2147483647;
			files = (
			);
			runOnlyForDeploymentPostprocessing = 0;
		};
/* End PBXFrameworksBuildPhase section */

/* Begin PBXGroup section */
		09744E451C75DCDB00AE605D = {
			isa = PBXGroup;
			children = (
				09744E501C75DCDB00AE605D /* Example3DTouch */,
				09744E671C75DCDB00AE605D /* Example3DTouchTests */,
				09744E721C75DCDB00AE605D /* Example3DTouchUITests */,
				09744E4F1C75DCDB00AE605D /* Products */,
			);
			sourceTree = "<group>";
		};
		09744E4F1C75DCDB00AE605D /* Products */ = {
			isa = PBXGroup;
			children = (
				09744E4E1C75DCDB00AE605D /* Example3DTouch.app */,
				09744E641C75DCDB00AE605D /* Example3DTouchTests.xctest */,
				09744E6F1C75DCDB00AE605D /* Example3DTouchUITests.xctest */,
			);
			name = Products;
			sourceTree = "<group>";
		};
		09744E501C75DCDB00AE605D /* Example3DTouch */ = {
			isa = PBXGroup;
			children = (
				09744E511C75DCDB00AE605D /* AppDelegate.swift */,
				09744E531C75DCDB00AE605D /* MasterViewController.swift */,
				09744E551C75DCDB00AE605D /* DetailViewController.swift */,
				09744E571C75DCDB00AE605D /* Main.storyboard */,
				09744E5A1C75DCDB00AE605D /* Assets.xcassets */,
				09744E5C1C75DCDB00AE605D /* LaunchScreen.storyboard */,
				09744E5F1C75DCDB00AE605D /* Info.plist */,
			);
			path = Example3DTouch;
			sourceTree = "<group>";
		};
		09744E671C75DCDB00AE605D /* Example3DTouchTests */ = {
			isa = PBXGroup;
			children = (
				09744E681C75DCDB00AE605D /* Example3DTouchTests.swift */,
				09744E6A1C75DCDB00AE605D /* Info.plist */,
			);
			path = Example3DTouchTests;
			sourceTree = "<group>";
		};
		09744E721C75DCDB00AE605D /* Example3DTouchUITests */ = {
			isa = PBXGroup;
			children = (
				09744E731C75DCDB00AE605D /* Example3DTouchUITests.swift */,
				09744E751C75DCDB00AE605D /* Info.plist */,
			);
			path = Example3DTouchUITests;
			sourceTree = "<group>";
		};
/* End PBXGroup section */

/* Begin PBXNativeTarget section */
		09744E4D1C75DCDB00AE605D /* Example3DTouch */ = {
			isa = PBXNativeTarget;
			buildConfigurationList = 09744E781C75DCDB00AE605D /* Build configuration list for PBXNativeTarget "Example3DTouch" */;
			buildPhases = (
				09744E4A1C75DCDB00AE605D /* Sources */,
				09744E4B1C75DCDB00AE605D /* Frameworks */,
				09744E4C1C75DCDB00AE605D /* Resources */,
			);
			buildRules = (
			);
			dependencies = (
			);
			name = Example3DTouch;
			productName = Example3DTouch;
			productReference = 09744E4E1C75DCDB00AE605D /* Example3DTouch.app */;
			productType = "com.apple.product-type.application";
		};
		09744E631C75DCDB00AE605D /* Example3DTouchTests */ = {
			isa = PBXNativeTarget;
			buildConfigurationList = 09744E7B1C75DCDB00AE605D /* Build configuration list for PBXNativeTarget "Example3DTouchTests" */;
			buildPhases = (
				09744E601C75DCDB00AE605D /* Sources */,
				09744E611C75DCDB00AE605D /* Frameworks */,
				09744E621C75DCDB00AE605D /* Resources */,
			);
			buildRules = (
			);
			dependencies = (
				09744E661C75DCDB00AE605D /* PBXTargetDependency */,
			);
			name = Example3DTouchTests;
			productName = Example3DTouchTests;
			productReference = 09744E641C75DCDB00AE605D /* Example3DTouchTests.xctest */;
			productType = "com.apple.product-type.bundle.unit-test";
		};
		09744E6E1C75DCDB00AE605D /* Example3DTouchUITests */ = {
			isa = PBXNativeTarget;
			buildConfigurationList = 09744E7E1C75DCDB00AE605D /* Build configuration list for PBXNativeTarget "Example3DTouchUITests" */;
			buildPhases = (
				09744E6B1C75DCDB00AE605D /* Sources */,
				09744E6C1C75DCDB00AE605D /* Frameworks */,
				09744E6D1C75DCDB00AE605D /* Resources */,
			);
			buildRules = (
			);
			dependencies = (
				09744E711C75DCDB00AE605D /* PBXTargetDependency */,
			);
			name = Example3DTouchUITests;
			productName = Example3DTouchUITests;
			productReference = 09744E6F1C75DCDB00AE605D /* Example3DTouchUITests.xctest */;
			productType = "com.apple.product-type.bundle.ui-testing";
		};
/* End PBXNativeTarget section */

/* Begin PBXProject section */
		09744E461C75DCDB00AE605D /* Project object */ = {
			isa = PBXProject;
			attributes = {
				LastSwiftUpdateCheck = 0720;
				LastUpgradeCheck = 0720;
				ORGANIZATIONNAME = Aks;
				TargetAttributes = {
					09744E4D1C75DCDB00AE605D = {
						CreatedOnToolsVersion = 7.2.1;
					};
					09744E631C75DCDB00AE605D = {
						CreatedOnToolsVersion = 7.2.1;
						TestTargetID = 09744E4D1C75DCDB00AE605D;
					};
					09744E6E1C75DCDB00AE605D = {
						CreatedOnToolsVersion = 7.2.1;
						TestTargetID = 09744E4D1C75DCDB00AE605D;
					};
				};
			};
			buildConfigurationList = 09744E491C75DCDB00AE605D /* Build configuration list for PBXProject "Example3DTouch" */;
			compatibilityVersion = "Xcode 3.2";
			developmentRegion = English;
			hasScannedForEncodings = 0;
			knownRegions = (
				en,
				Base,
			);
			mainGroup = 09744E451C75DCDB00AE605D;
			productRefGroup = 09744E4F1C75DCDB00AE605D /* Products */;
			projectDirPath = "";
			projectRoot = "";
			targets = (
				09744E4D1C75DCDB00AE605D /* Example3DTouch */,
				09744E631C75DCDB00AE605D /* Example3DTouchTests */,
				09744E6E1C75DCDB00AE605D /* Example3DTouchUITests */,
			);
		};
/* End PBXProject section */

/* Begin PBXResourcesBuildPhase section */
		09744E4C1C75DCDB00AE605D /* Resources */ = {
			isa = PBXResourcesBuildPhase;
			buildActionMask = 2147483647;
			files = (
				09744E5E1C75DCDB00AE605D /* LaunchScreen.storyboard in Resources */,
				09744E5B1C75DCDB00AE605D /* Assets.xcassets in Resources */,
				09744E591C75DCDB00AE605D /* Main.storyboard in Resources */,
			);
			runOnlyForDeploymentPostprocessing = 0;
		};
		09744E621C75DCDB00AE605D /* Resources */ = {
			isa = PBXResourcesBuildPhase;
			buildActionMask = 2147483647;
			files = (
			);
			runOnlyForDeploymentPostprocessing = 0;
		};
		09744E6D1C75DCDB00AE605D /* Resources */ = {
			isa = PBXResourcesBuildPhase;
			buildActionMask = 2147483647;
			files = (
			);
			runOnlyForDeploymentPostprocessing = 0;
		};
/* End PBXResourcesBuildPhase section */

/* Begin PBXSourcesBuildPhase section */
		09744E4A1C75DCDB00AE605D /* Sources */ = {
			isa = PBXSourcesBuildPhase;
			buildActionMask = 2147483647;
			files = (
				09744E561C75DCDB00AE605D /* DetailViewController.swift in Sources */,
				09744E541C75DCDB00AE605D /* MasterViewController.swift in Sources */,
				09744E521C75DCDB00AE605D /* AppDelegate.swift in Sources */,
			);
			runOnlyForDeploymentPostprocessing = 0;
		};
		09744E601C75DCDB00AE605D /* Sources */ = {
			isa = PBXSourcesBuildPhase;
			buildActionMask = 2147483647;
			files = (
				09744E691C75DCDB00AE605D /* Example3DTouchTests.swift in Sources */,
			);
			runOnlyForDeploymentPostprocessing = 0;
		};
		09744E6B1C75DCDB00AE605D /* Sources */ = {
			isa = PBXSourcesBuildPhase;
			buildActionMask = 2147483647;
			files = (
				09744E741C75DCDB00AE605D /* Example3DTouchUITests.swift in Sources */,
			);
			runOnlyForDeploymentPostprocessing = 0;
		};
/* End PBXSourcesBuildPhase section */

/* Begin PBXTargetDependency section */
		09744E661C75DCDB00AE605D /* PBXTargetDependency */ = {
			isa = PBXTargetDependency;
			target = 09744E4D1C75DCDB00AE605D /* Example3DTouch */;
			targetProxy = 09744E651C75DCDB00AE605D /* PBXContainerItemProxy */;
		};
		09744E711C75DCDB00AE605D /* PBXTargetDependency */ = {
			isa = PBXTargetDependency;
			target = 09744E4D1C75DCDB00AE605D /* Example3DTouch */;
			targetProxy = 09744E701C75DCDB00AE605D /* PBXContainerItemProxy */;
		};
/* End PBXTargetDependency section */

/* Begin PBXVariantGroup section */
		09744E571C75DCDB00AE605D /* Main.storyboard */ = {
			isa = PBXVariantGroup;
			children = (
				09744E581C75DCDB00AE605D /* Base */,
			);
			name = Main.storyboard;
			sourceTree = "<group>";
		};
		09744E5C1C75DCDB00AE605D /* LaunchScreen.storyboard */ = {
			isa = PBXVariantGroup;
			children = (
				09744E5D1C75DCDB00AE605D /* Base */,
			);
			name = LaunchScreen.storyboard;
			sourceTree = "<group>";
		};
/* End PBXVariantGroup section */

/* Begin XCBuildConfiguration section */
		09744E761C75DCDB00AE605D /* Debug */ = {
			isa = XCBuildConfiguration;
			buildSettings = {
				ALWAYS_SEARCH_USER_PATHS = NO;
				CLANG_CXX_LANGUAGE_STANDARD = "gnu++0x";
				CLANG_CXX_LIBRARY = "libc++";
				CLANG_ENABLE_MODULES = YES;
				CLANG_ENABLE_OBJC_ARC = YES;
				CLANG_WARN_BOOL_CONVERSION = YES;
				CLANG_WARN_CONSTANT_CONVERSION = YES;
				CLANG_WARN_DIRECT_OBJC_ISA_USAGE = YES_ERROR;
				CLANG_WARN_EMPTY_BODY = YES;
				CLANG_WARN_ENUM_CONVERSION = YES;
				CLANG_WARN_INT_CONVERSION = YES;
				CLANG_WARN_OBJC_ROOT_CLASS = YES_ERROR;
				CLANG_WARN_UNREACHABLE_CODE = YES;
				CLANG_WARN__DUPLICATE_METHOD_MATCH = YES;
				"CODE_SIGN_IDENTITY[sdk=iphoneos*]" = "iPhone Developer";
				COPY_PHASE_STRIP = NO;
				DEBUG_INFORMATION_FORMAT = dwarf;
				ENABLE_STRICT_OBJC_MSGSEND = YES;
				ENABLE_TESTABILITY = YES;
				GCC_C_LANGUAGE_STANDARD = gnu99;
				GCC_DYNAMIC_NO_PIC = NO;
				GCC_NO_COMMON_BLOCKS = YES;
				GCC_OPTIMIZATION_LEVEL = 0;
				GCC_PREPROCESSOR_DEFINITIONS = (
					"DEBUG=1",
					"$(inherited)",
				);
				GCC_WARN_64_TO_32_BIT_CONVERSION = YES;
				GCC_WARN_ABOUT_RETURN_TYPE = YES_ERROR;
				GCC_WARN_UNDECLARED_SELECTOR = YES;
				GCC_WARN_UNINITIALIZED_AUTOS = YES_AGGRESSIVE;
				GCC_WARN_UNUSED_FUNCTION = YES;
				GCC_WARN_UNUSED_VARIABLE = YES;
				IPHONEOS_DEPLOYMENT_TARGET = 9.2;
				MTL_ENABLE_DEBUG_INFO = YES;
				ONLY_ACTIVE_ARCH = YES;
				SDKROOT = iphoneos;
				SWIFT_OPTIMIZATION_LEVEL = "-Onone";
			};
			name = Debug;
		};
		09744E771C75DCDB00AE605D /* Release */ = {
			isa = XCBuildConfiguration;
			buildSettings = {
				ALWAYS_SEARCH_USER_PATHS = NO;
				CLANG_CXX_LANGUAGE_STANDARD = "gnu++0x";
				CLANG_CXX_LIBRARY = "libc++";
				CLANG_ENABLE_MODULES = YES;
				CLANG_ENABLE_OBJC_ARC = YES;
				CLANG_WARN_BOOL_CONVERSION = YES;
				CLANG_WARN_CONSTANT_CONVERSION = YES;
				CLANG_WARN_DIRECT_OBJC_ISA_USAGE = YES_ERROR;
				CLANG_WARN_EMPTY_BODY = YES;
				CLANG_WARN_ENUM_CONVERSION = YES;
				CLANG_WARN_INT_CONVERSION = YES;
				CLANG_WARN_OBJC_ROOT_CLASS = YES_ERROR;
				CLANG_WARN_UNREACHABLE_CODE = YES;
				CLANG_WARN__DUPLICATE_METHOD_MATCH = YES;
				"CODE_SIGN_IDENTITY[sdk=iphoneos*]" = "iPhone Developer";
				COPY_PHASE_STRIP = NO;
				DEBUG_INFORMATION_FORMAT = "dwarf-with-dsym";
				ENABLE_NS_ASSERTIONS = NO;
				ENABLE_STRICT_OBJC_MSGSEND = YES;
				GCC_C_LANGUAGE_STANDARD = gnu99;
				GCC_NO_COMMON_BLOCKS = YES;
				GCC_WARN_64_TO_32_BIT_CONVERSION = YES;
				GCC_WARN_ABOUT_RETURN_TYPE = YES_ERROR;
				GCC_WARN_UNDECLARED_SELECTOR = YES;
				GCC_WARN_UNINITIALIZED_AUTOS = YES_AGGRESSIVE;
				GCC_WARN_UNUSED_FUNCTION = YES;
				GCC_WARN_UNUSED_VARIABLE = YES;
				IPHONEOS_DEPLOYMENT_TARGET = 9.2;
				MTL_ENABLE_DEBUG_INFO = NO;
				SDKROOT = iphoneos;
				VALIDATE_PRODUCT = YES;
			};
			name = Release;
		};
		09744E791C75DCDB00AE605D /* Debug */ = {
			isa = XCBuildConfiguration;
			buildSettings = {
				ASSETCATALOG_COMPILER_APPICON_NAME = AppIcon;
				INFOPLIST_FILE = Example3DTouch/Info.plist;
				LD_RUNPATH_SEARCH_PATHS = "$(inherited) @executable_path/Frameworks";
				PRODUCT_BUNDLE_IDENTIFIER = com.aks.Example3DTouch;
				PRODUCT_NAME = "$(TARGET_NAME)";
			};
			name = Debug;
		};
		09744E7A1C75DCDB00AE605D /* Release */ = {
			isa = XCBuildConfiguration;
			buildSettings = {
				ASSETCATALOG_COMPILER_APPICON_NAME = AppIcon;
				INFOPLIST_FILE = Example3DTouch/Info.plist;
				LD_RUNPATH_SEARCH_PATHS = "$(inherited) @executable_path/Frameworks";
				PRODUCT_BUNDLE_IDENTIFIER = com.aks.Example3DTouch;
				PRODUCT_NAME = "$(TARGET_NAME)";
			};
			name = Release;
		};
		09744E7C1C75DCDB00AE605D /* Debug */ = {
			isa = XCBuildConfiguration;
			buildSettings = {
				BUNDLE_LOADER = "$(TEST_HOST)";
				INFOPLIST_FILE = Example3DTouchTests/Info.plist;
				LD_RUNPATH_SEARCH_PATHS = "$(inherited) @executable_path/Frameworks @loader_path/Frameworks";
				PRODUCT_BUNDLE_IDENTIFIER = com.aks.Example3DTouchTests;
				PRODUCT_NAME = "$(TARGET_NAME)";
				TEST_HOST = "$(BUILT_PRODUCTS_DIR)/Example3DTouch.app/Example3DTouch";
			};
			name = Debug;
		};
		09744E7D1C75DCDB00AE605D /* Release */ = {
			isa = XCBuildConfiguration;
			buildSettings = {
				BUNDLE_LOADER = "$(TEST_HOST)";
				INFOPLIST_FILE = Example3DTouchTests/Info.plist;
				LD_RUNPATH_SEARCH_PATHS = "$(inherited) @executable_path/Frameworks @loader_path/Frameworks";
				PRODUCT_BUNDLE_IDENTIFIER = com.aks.Example3DTouchTests;
				PRODUCT_NAME = "$(TARGET_NAME)";
				TEST_HOST = "$(BUILT_PRODUCTS_DIR)/Example3DTouch.app/Example3DTouch";
			};
			name = Release;
		};
		09744E7F1C75DCDB00AE605D /* Debug */ = {
			isa = XCBuildConfiguration;
			buildSettings = {
				INFOPLIST_FILE = Example3DTouchUITests/Info.plist;
				LD_RUNPATH_SEARCH_PATHS = "$(inherited) @executable_path/Frameworks @loader_path/Frameworks";
				PRODUCT_BUNDLE_IDENTIFIER = com.aks.Example3DTouchUITests;
				PRODUCT_NAME = "$(TARGET_NAME)";
				TEST_TARGET_NAME = Example3DTouch;
				USES_XCTRUNNER = YES;
			};
			name = Debug;
		};
		09744E801C75DCDB00AE605D /* Release */ = {
			isa = XCBuildConfiguration;
			buildSettings = {
				INFOPLIST_FILE = Example3DTouchUITests/Info.plist;
				LD_RUNPATH_SEARCH_PATHS = "$(inherited) @executable_path/Frameworks @loader_path/Frameworks";
				PRODUCT_BUNDLE_IDENTIFIER = com.aks.Example3DTouchUITests;
				PRODUCT_NAME = "$(TARGET_NAME)";
				TEST_TARGET_NAME = Example3DTouch;
				USES_XCTRUNNER = YES;
			};
			name = Release;
		};
/* End XCBuildConfiguration section */

/* Begin XCConfigurationList section */
		09744E491C75DCDB00AE605D /* Build configuration list for PBXProject "Example3DTouch" */ = {
			isa = XCConfigurationList;
			buildConfigurations = (
				09744E761C75DCDB00AE605D /* Debug */,
				09744E771C75DCDB00AE605D /* Release */,
			);
			defaultConfigurationIsVisible = 0;
			defaultConfigurationName = Release;
		};
		09744E781C75DCDB00AE605D /* Build configuration list for PBXNativeTarget "Example3DTouch" */ = {
			isa = XCConfigurationList;
			buildConfigurations = (
				09744E791C75DCDB00AE605D /* Debug */,
				09744E7A1C75DCDB00AE605D /* Release */,
			);
			defaultConfigurationIsVisible = 0;
		};
		09744E7B1C75DCDB00AE605D /* Build configuration list for PBXNativeTarget "Example3DTouchTests" */ = {
			isa = XCConfigurationList;
			buildConfigurations = (
				09744E7C1C75DCDB00AE605D /* Debug */,
				09744E7D1C75DCDB00AE605D /* Release */,
			);
			defaultConfigurationIsVisible = 0;
		};
		09744E7E1C75DCDB00AE605D /* Build configuration list for PBXNativeTarget "Example3DTouchUITests" */ = {
			isa = XCConfigurationList;
			buildConfigurations = (
				09744E7F1C75DCDB00AE605D /* Debug */,
				09744E801C75DCDB00AE605D /* Release */,
			);
			defaultConfigurationIsVisible = 0;
		};
/* End XCConfigurationList section */
	};
	rootObject = 09744E461C75DCDB00AE605D /* Project object */;
}
